
Microsoft Visual Studio Solution File, Format Version 12.00
# Visual Studio Version 16
VisualStudioVersion = 16.0.31005.135
MinimumVisualStudioVersion = 10.0.40219.1
Project("{FAE04EC0-301F-11D3-BF4B-00C04F79EFBC}") = "BooksApi", "BooksApi\BooksApi.csproj", "{50887DBB-5C9A-4B9F-B8FB-AAEF07D9F598}"
EndProject
Global
	GlobalSection(SolutionConfigurationPlatforms) = preSolution
		Debug|Any CPU = Debug|Any CPU
		Release|Any CPU = Release|Any CPU
	EndGlobalSection
	GlobalSection(ProjectConfigurationPlatforms) = postSolution
		{50887DBB-5C9A-4B9F-B8FB-AAEF07D9F598}.Debug|Any CPU.ActiveCfg = Debug|Any CPU
		{50887DBB-5C9A-4B9F-B8FB-AAEF07D9F598}.Debug|Any CPU.Build.0 = Debug|Any CPU
		{50887DBB-5C9A-4B9F-B8FB-AAEF07D9F598}.Release|Any CPU.ActiveCfg = Release|Any CPU
		{50887DBB-5C9A-4B9F-B8FB-AAEF07D9F598}.Release|Any CPU.Build.0 = Release|Any CPU
	EndGlobalSection
	GlobalSection(SolutionProperties) = preSolution
		HideSolutionNode = FALSE
	EndGlobalSection
	GlobalSection(ExtensibilityGlobals) = postSolution
		SolutionGuid = {D9B81360-1257-41DC-BB66-58A5929AD1B6}
	EndGlobalSection
EndGlobal
